// !$*UTF8*$!
{
	archiveVersion = 1;
	classes = {
	};
	objectVersion = 55;
	objects = {

/* Begin PBXBuildFile section */
		B03CF8C8E4F52DEE22666239 /* Pods_PintrestFlowLayout.framework in Frameworks */ = {isa = PBXBuildFile; fileRef = CEBEC3088CD4DA44AA1B7B30 /* Pods_PintrestFlowLayout.framework */; };
		FA118D7E279566A600B6630A /* AppDelegate.swift in Sources */ = {isa = PBXBuildFile; fileRef = FA118D7D279566A600B6630A /* AppDelegate.swift */; };
		FA118D80279566A600B6630A /* SceneDelegate.swift in Sources */ = {isa = PBXBuildFile; fileRef = FA118D7F279566A600B6630A /* SceneDelegate.swift */; };
		FA118D85279566A600B6630A /* Main.storyboard in Resources */ = {isa = PBXBuildFile; fileRef = FA118D83279566A600B6630A /* Main.storyboard */; };
		FA118D87279566A800B6630A /* Assets.xcassets in Resources */ = {isa = PBXBuildFile; fileRef = FA118D86279566A800B6630A /* Assets.xcassets */; };
		FA118D8A279566A800B6630A /* LaunchScreen.storyboard in Resources */ = {isa = PBXBuildFile; fileRef = FA118D88279566A800B6630A /* LaunchScreen.storyboard */; };
		FA118D97279566CA00B6630A /* ImagePreviewViewController.swift in Sources */ = {isa = PBXBuildFile; fileRef = FA118D92279566CA00B6630A /* ImagePreviewViewController.swift */; };
		FA118D98279566CA00B6630A /* PhotoItemCell.swift in Sources */ = {isa = PBXBuildFile; fileRef = FA118D93279566CA00B6630A /* PhotoItemCell.swift */; };
		FA118D99279566CA00B6630A /* GalleryViewController.swift in Sources */ = {isa = PBXBuildFile; fileRef = FA118D94279566CA00B6630A /* GalleryViewController.swift */; };
		FA118D9A279566CA00B6630A /* SingleImageItem.swift in Sources */ = {isa = PBXBuildFile; fileRef = FA118D96279566CA00B6630A /* SingleImageItem.swift */; };
		FA118D9C279566D400B6630A /* PinterestLayout.swift in Sources */ = {isa = PBXBuildFile; fileRef = FA118D9B279566D400B6630A /* PinterestLayout.swift */; };
/* End PBXBuildFile section */

/* Begin PBXFileReference section */
		76A828F0CDD2CCAEB73D7A67 /* Pods-PintrestFlowLayout.release.xcconfig */ = {isa = PBXFileReference; includeInIndex = 1; lastKnownFileType = text.xcconfig; name = "Pods-PintrestFlowLayout.release.xcconfig"; path = "Target Support Files/Pods-PintrestFlowLayout/Pods-PintrestFlowLayout.release.xcconfig"; sourceTree = "<group>"; };
		A01F78DBF2B9A9521288AE65 /* Pods-PintrestFlowLayout.debug.xcconfig */ = {isa = PBXFileReference; includeInIndex = 1; lastKnownFileType = text.xcconfig; name = "Pods-PintrestFlowLayout.debug.xcconfig"; path = "Target Support Files/Pods-PintrestFlowLayout/Pods-PintrestFlowLayout.debug.xcconfig"; sourceTree = "<group>"; };
		CEBEC3088CD4DA44AA1B7B30 /* Pods_PintrestFlowLayout.framework */ = {isa = PBXFileReference; explicitFileType = wrapper.framework; includeInIndex = 0; path = Pods_PintrestFlowLayout.framework; sourceTree = BUILT_PRODUCTS_DIR; };
		FA118D7A279566A600B6630A /* PintrestFlowLayout.app */ = {isa = PBXFileReference; explicitFileType = wrapper.application; includeInIndex = 0; path = PintrestFlowLayout.app; sourceTree = BUILT_PRODUCTS_DIR; };
		FA118D7D279566A600B6630A /* AppDelegate.swift */ = {isa = PBXFileReference; lastKnownFileType = sourcecode.swift; path = AppDelegate.swift; sourceTree = "<group>"; };
		FA118D7F279566A600B6630A /* SceneDelegate.swift */ = {isa = PBXFileReference; lastKnownFileType = sourcecode.swift; path = SceneDelegate.swift; sourceTree = "<group>"; };
		FA118D84279566A600B6630A /* Base */ = {isa = PBXFileReference; lastKnownFileType = file.storyboard; name = Base; path = Base.lproj/Main.storyboard; sourceTree = "<group>"; };
		FA118D86279566A800B6630A /* Assets.xcassets */ = {isa = PBXFileReference; lastKnownFileType = folder.assetcatalog; path = Assets.xcassets; sourceTree = "<group>"; };
		FA118D89279566A800B6630A /* Base */ = {isa = PBXFileReference; lastKnownFileType = file.storyboard; name = Base; path = Base.lproj/LaunchScreen.storyboard; sourceTree = "<group>"; };
		FA118D8B279566A800B6630A /* Info.plist */ = {isa = PBXFileReference; lastKnownFileType = text.plist.xml; path = Info.plist; sourceTree = "<group>"; };
		FA118D92279566CA00B6630A /* ImagePreviewViewController.swift */ = {isa = PBXFileReference; fileEncoding = 4; lastKnownFileType = sourcecode.swift; path = ImagePreviewViewController.swift; sourceTree = "<group>"; };
		FA118D93279566CA00B6630A /* PhotoItemCell.swift */ = {isa = PBXFileReference; fileEncoding = 4; lastKnownFileType = sourcecode.swift; path = PhotoItemCell.swift; sourceTree = "<group>"; };
		FA118D94279566CA00B6630A /* GalleryViewController.swift */ = {isa = PBXFileReference; fileEncoding = 4; lastKnownFileType = sourcecode.swift; path = GalleryViewController.swift; sourceTree = "<group>"; };
		FA118D96279566CA00B6630A /* SingleImageItem.swift */ = {isa = PBXFileReference; fileEncoding = 4; lastKnownFileType = sourcecode.swift; path = SingleImageItem.swift; sourceTree = "<group>"; };
		FA118D9B279566D400B6630A /* PinterestLayout.swift */ = {isa = PBXFileReference; fileEncoding = 4; lastKnownFileType = sourcecode.swift; path = PinterestLayout.swift; sourceTree = "<group>"; };
/* End PBXFileReference section */

/* Begin PBXFrameworksBuildPhase section */
		FA118D77279566A600B6630A /* Frameworks */ = {
			isa = PBXFrameworksBuildPhase;
			buildActionMask = 2147483647;
			files = (
				B03CF8C8E4F52DEE22666239 /* Pods_PintrestFlowLayout.framework in Frameworks */,
			);
			runOnlyForDeploymentPostprocessing = 0;
		};
/* End PBXFrameworksBuildPhase section */

/* Begin PBXGroup section */
		627F322B8E91A729BF2B9C07 /* Frameworks */ = {
			isa = PBXGroup;
			children = (
				CEBEC3088CD4DA44AA1B7B30 /* Pods_PintrestFlowLayout.framework */,
			);
			name = Frameworks;
			sourceTree = "<group>";
		};
		902404F1E8E3F800C0AB418E /* Pods */ = {
			isa = PBXGroup;
			children = (
				A01F78DBF2B9A9521288AE65 /* Pods-PintrestFlowLayout.debug.xcconfig */,
				76A828F0CDD2CCAEB73D7A67 /* Pods-PintrestFlowLayout.release.xcconfig */,
			);
			path = Pods;
			sourceTree = "<group>";
		};
		FA118D71279566A600B6630A = {
			isa = PBXGroup;
			children = (
				FA118D7C279566A600B6630A /* PintrestFlowLayout */,
				FA118D7B279566A600B6630A /* Products */,
				902404F1E8E3F800C0AB418E /* Pods */,
				627F322B8E91A729BF2B9C07 /* Frameworks */,
			);
			sourceTree = "<group>";
		};
		FA118D7B279566A600B6630A /* Products */ = {
			isa = PBXGroup;
			children = (
				FA118D7A279566A600B6630A /* PintrestFlowLayout.app */,
			);
			name = Products;
			sourceTree = "<group>";
		};
		FA118D7C279566A600B6630A /* PintrestFlowLayout */ = {
			isa = PBXGroup;
			children = (
				FA118D9B279566D400B6630A /* PinterestLayout.swift */,
				FA118D91279566CA00B6630A /* HomeScene */,
				FA118D7D279566A600B6630A /* AppDelegate.swift */,
				FA118D7F279566A600B6630A /* SceneDelegate.swift */,
				FA118D83279566A600B6630A /* Main.storyboard */,
				FA118D86279566A800B6630A /* Assets.xcassets */,
				FA118D88279566A800B6630A /* LaunchScreen.storyboard */,
				FA118D8B279566A800B6630A /* Info.plist */,
			);
			path = PintrestFlowLayout;
			sourceTree = "<group>";
		};
		FA118D91279566CA00B6630A /* HomeScene */ = {
			isa = PBXGroup;
			children = (
				FA118D94279566CA00B6630A /* GalleryViewController.swift */,
				FA118D92279566CA00B6630A /* ImagePreviewViewController.swift */,
				FA118D93279566CA00B6630A /* PhotoItemCell.swift */,
				FA118D95279566CA00B6630A /* Data */,
			);
			path = HomeScene;
			sourceTree = "<group>";
		};
		FA118D95279566CA00B6630A /* Data */ = {
			isa = PBXGroup;
			children = (
				FA118D96279566CA00B6630A /* SingleImageItem.swift */,
			);
			path = Data;
			sourceTree = "<group>";
		};
/* End PBXGroup section */

/* Begin PBXNativeTarget section */
		FA118D79279566A600B6630A /* PintrestFlowLayout */ = {
			isa = PBXNativeTarget;
			buildConfigurationList = FA118D8E279566A800B6630A /* Build configuration list for PBXNativeTarget "PintrestFlowLayout" */;
			buildPhases = (
				F92C6D0D24FC0FF1F1A5B52C /* [CP] Check Pods Manifest.lock */,
				FA118D76279566A600B6630A /* Sources */,
				FA118D77279566A600B6630A /* Frameworks */,
				FA118D78279566A600B6630A /* Resources */,
				19EDC4DFFEED6FA5AFC9FE7F /* [CP] Embed Pods Frameworks */,
			);
			buildRules = (
			);
			dependencies = (
			);
			name = PintrestFlowLayout;
			productName = PintrestFlowLayout;
			productReference = FA118D7A279566A600B6630A /* PintrestFlowLayout.app */;
			productType = "com.apple.product-type.application";
		};
/* End PBXNativeTarget section */

/* Begin PBXProject section */
		FA118D72279566A600B6630A /* Project object */ = {
			isa = PBXProject;
			attributes = {
				BuildIndependentTargetsInParallel = 1;
				LastSwiftUpdateCheck = 1310;
				LastUpgradeCheck = 1310;
				TargetAttributes = {
					FA118D79279566A600B6630A = {
						CreatedOnToolsVersion = 13.1;
					};
				};
			};
			buildConfigurationList = FA118D75279566A600B6630A /* Build configuration list for PBXProject "PintrestFlowLayout" */;
			compatibilityVersion = "Xcode 13.0";
			developmentRegion = en;
			hasScannedForEncodings = 0;
			knownRegions = (
				en,
				Base,
			);
			mainGroup = FA118D71279566A600B6630A;
			productRefGroup = FA118D7B279566A600B6630A /* Products */;
			projectDirPath = "";
			projectRoot = "";
			targets = (
				FA118D79279566A600B6630A /* PintrestFlowLayout */,
			);
		};
/* End PBXProject section */

/* Begin PBXResourcesBuildPhase section */
		FA118D78279566A600B6630A /* Resources */ = {
			isa = PBXResourcesBuildPhase;
			buildActionMask = 2147483647;
			files = (
				FA118D8A279566A800B6630A /* LaunchScreen.storyboard in Resources */,
				FA118D87279566A800B6630A /* Assets.xcassets in Resources */,
				FA118D85279566A600B6630A /* Main.storyboard in Resources */,
			);
			runOnlyForDeploymentPostprocessing = 0;
		};
/* End PBXResourcesBuildPhase section */

/* Begin PBXShellScriptBuildPhase section */
		19EDC4DFFEED6FA5AFC9FE7F /* [CP] Embed Pods Frameworks */ = {
			isa = PBXShellScriptBuildPhase;
			buildActionMask = 2147483647;
			files = (
			);
			inputFileListPaths = (
				"${PODS_ROOT}/Target Support Files/Pods-PintrestFlowLayout/Pods-PintrestFlowLayout-frameworks-${CONFIGURATION}-input-files.xcfilelist",
			);
			name = "[CP] Embed Pods Frameworks";
			outputFileListPaths = (
				"${PODS_ROOT}/Target Support Files/Pods-PintrestFlowLayout/Pods-PintrestFlowLayout-frameworks-${CONFIGURATION}-output-files.xcfilelist",
			);
			runOnlyForDeploymentPostprocessing = 0;
			shellPath = /bin/sh;
			shellScript = "\"${PODS_ROOT}/Target Support Files/Pods-PintrestFlowLayout/Pods-PintrestFlowLayout-frameworks.sh\"\n";
			showEnvVarsInLog = 0;
		};
		F92C6D0D24FC0FF1F1A5B52C /* [CP] Check Pods Manifest.lock */ = {
			isa = PBXShellScriptBuildPhase;
			buildActionMask = 2147483647;
			files = (
			);
			inputFileListPaths = (
			);
			inputPaths = (
				"${PODS_PODFILE_DIR_PATH}/Podfile.lock",
				"${PODS_ROOT}/Manifest.lock",
			);
			name = "[CP] Check Pods Manifest.lock";
			outputFileListPaths = (
			);
			outputPaths = (
				"$(DERIVED_FILE_DIR)/Pods-PintrestFlowLayout-checkManifestLockResult.txt",
			);
			runOnlyForDeploymentPostprocessing = 0;
			shellPath = /bin/sh;
			shellScript = "diff \"${PODS_PODFILE_DIR_PATH}/Podfile.lock\" \"${PODS_ROOT}/Manifest.lock\" > /dev/null\nif [ $? != 0 ] ; then\n    # print error to STDERR\n    echo \"error: The sandbox is not in sync with the Podfile.lock. Run 'pod install' or update your CocoaPods installation.\" >&2\n    exit 1\nfi\n# This output is used by Xcode 'outputs' to avoid re-running this script phase.\necho \"SUCCESS\" > \"${SCRIPT_OUTPUT_FILE_0}\"\n";
			showEnvVarsInLog = 0;
		};
/* End PBXShellScriptBuildPhase section */

/* Begin PBXSourcesBuildPhase section */
		FA118D76279566A600B6630A /* Sources */ = {
			isa = PBXSourcesBuildPhase;
			buildActionMask = 2147483647;
			files = (
				FA118D7E279566A600B6630A /* AppDelegate.swift in Sources */,
				FA118D97279566CA00B6630A /* ImagePreviewViewController.swift in Sources */,
				FA118D9A279566CA00B6630A /* SingleImageItem.swift in Sources */,
				FA118D9C279566D400B6630A /* PinterestLayout.swift in Sources */,
				FA118D99279566CA00B6630A /* GalleryViewController.swift in Sources */,
				FA118D80279566A600B6630A /* SceneDelegate.swift in Sources */,
				FA118D98279566CA00B6630A /* PhotoItemCell.swift in Sources */,
			);
			runOnlyForDeploymentPostprocessing = 0;
		};
/* End PBXSourcesBuildPhase section */

/* Begin PBXVariantGroup section */
		FA118D83279566A600B6630A /* Main.storyboard */ = {
			isa = PBXVariantGroup;
			children = (
				FA118D84279566A600B6630A /* Base */,
			);
			name = Main.storyboard;
			sourceTree = "<group>";
		};
		FA118D88279566A800B6630A /* LaunchScreen.storyboard */ = {
			isa = PBXVariantGroup;
			children = (
				FA118D89279566A800B6630A /* Base */,
			);
			name = LaunchScreen.storyboard;
			sourceTree = "<group>";
		};
/* End PBXVariantGroup section */

/* Begin XCBuildConfiguration section */
		FA118D8C279566A800B6630A /* Debug */ = {
			isa = XCBuildConfiguration;
			buildSettings = {
				ALWAYS_SEARCH_USER_PATHS = NO;
				CLANG_ANALYZER_NONNULL = YES;
				CLANG_ANALYZER_NUMBER_OBJECT_CONVERSION = YES_AGGRESSIVE;
				CLANG_CXX_LANGUAGE_STANDARD = "gnu++17";
				CLANG_CXX_LIBRARY = "libc++";
				CLANG_ENABLE_MODULES = YES;
				CLANG_ENABLE_OBJC_ARC = YES;
				CLANG_ENABLE_OBJC_WEAK = YES;
				CLANG_WARN_BLOCK_CAPTURE_AUTORELEASING = YES;
				CLANG_WARN_BOOL_CONVERSION = YES;
				CLANG_WARN_COMMA = YES;
				CLANG_WARN_CONSTANT_CONVERSION = YES;
				CLANG_WARN_DEPRECATED_OBJC_IMPLEMENTATIONS = YES;
				CLANG_WARN_DIRECT_OBJC_ISA_USAGE = YES_ERROR;
				CLANG_WARN_DOCUMENTATION_COMMENTS = YES;
				CLANG_WARN_EMPTY_BODY = YES;
				CLANG_WARN_ENUM_CONVERSION = YES;
				CLANG_WARN_INFINITE_RECURSION = YES;
				CLANG_WARN_INT_CONVERSION = YES;
				CLANG_WARN_NON_LITERAL_NULL_CONVERSION = YES;
				CLANG_WARN_OBJC_IMPLICIT_RETAIN_SELF = YES;
				CLANG_WARN_OBJC_LITERAL_CONVERSION = YES;
				CLANG_WARN_OBJC_ROOT_CLASS = YES_ERROR;
				CLANG_WARN_QUOTED_INCLUDE_IN_FRAMEWORK_HEADER = YES;
				CLANG_WARN_RANGE_LOOP_ANALYSIS = YES;
				CLANG_WARN_STRICT_PROTOTYPES = YES;
				CLANG_WARN_SUSPICIOUS_MOVE = YES;
				CLANG_WARN_UNGUARDED_AVAILABILITY = YES_AGGRESSIVE;
				CLANG_WARN_UNREACHABLE_CODE = YES;
				CLANG_WARN__DUPLICATE_METHOD_MATCH = YES;
				COPY_PHASE_STRIP = NO;
				DEBUG_INFORMATION_FORMAT = dwarf;
				ENABLE_STRICT_OBJC_MSGSEND = YES;
				ENABLE_TESTABILITY = YES;
				GCC_C_LANGUAGE_STANDARD = gnu11;
				GCC_DYNAMIC_NO_PIC = NO;
				GCC_NO_COMMON_BLOCKS = YES;
				GCC_OPTIMIZATION_LEVEL = 0;
				GCC_PREPROCESSOR_DEFINITIONS = (
					"DEBUG=1",
					"$(inherited)",
				);
				GCC_WARN_64_TO_32_BIT_CONVERSION = YES;
				GCC_WARN_ABOUT_RETURN_TYPE = YES_ERROR;
				GCC_WARN_UNDECLARED_SELECTOR = YES;
				GCC_WARN_UNINITIALIZED_AUTOS = YES_AGGRESSIVE;
				GCC_WARN_UNUSED_FUNCTION = YES;
				GCC_WARN_UNUSED_VARIABLE = YES;
				IPHONEOS_DEPLOYMENT_TARGET = 15.0;
				MTL_ENABLE_DEBUG_INFO = INCLUDE_SOURCE;
				MTL_FAST_MATH = YES;
				ONLY_ACTIVE_ARCH = YES;
				SDKROOT = iphoneos;
				SWIFT_ACTIVE_COMPILATION_CONDITIONS = DEBUG;
				SWIFT_OPTIMIZATION_LEVEL = "-Onone";
			};
			name = Debug;
		};
		FA118D8D279566A800B6630A /* Release */ = {
			isa = XCBuildConfiguration;
			buildSettings = {
				ALWAYS_SEARCH_USER_PATHS = NO;
				CLANG_ANALYZER_NONNULL = YES;
				CLANG_ANALYZER_NUMBER_OBJECT_CONVERSION = YES_AGGRESSIVE;
				CLANG_CXX_LANGUAGE_STANDARD = "gnu++17";
				CLANG_CXX_LIBRARY = "libc++";
				CLANG_ENABLE_MODULES = YES;
				CLANG_ENABLE_OBJC_ARC = YES;
				CLANG_ENABLE_OBJC_WEAK = YES;
				CLANG_WARN_BLOCK_CAPTURE_AUTORELEASING = YES;
				CLANG_WARN_BOOL_CONVERSION = YES;
				CLANG_WARN_COMMA = YES;
				CLANG_WARN_CONSTANT_CONVERSION = YES;
				CLANG_WARN_DEPRECATED_OBJC_IMPLEMENTATIONS = YES;
				CLANG_WARN_DIRECT_OBJC_ISA_USAGE = YES_ERROR;
				CLANG_WARN_DOCUMENTATION_COMMENTS = YES;
				CLANG_WARN_EMPTY_BODY = YES;
				CLANG_WARN_ENUM_CONVERSION = YES;
				CLANG_WARN_INFINITE_RECURSION = YES;
				CLANG_WARN_INT_CONVERSION = YES;
				CLANG_WARN_NON_LITERAL_NULL_CONVERSION = YES;
				CLANG_WARN_OBJC_IMPLICIT_RETAIN_SELF = YES;
				CLANG_WARN_OBJC_LITERAL_CONVERSION = YES;
				CLANG_WARN_OBJC_ROOT_CLASS = YES_ERROR;
				CLANG_WARN_QUOTED_INCLUDE_IN_FRAMEWORK_HEADER = YES;
				CLANG_WARN_RANGE_LOOP_ANALYSIS = YES;
				CLANG_WARN_STRICT_PROTOTYPES = YES;
				CLANG_WARN_SUSPICIOUS_MOVE = YES;
				CLANG_WARN_UNGUARDED_AVAILABILITY = YES_AGGRESSIVE;
				CLANG_WARN_UNREACHABLE_CODE = YES;
				CLANG_WARN__DUPLICATE_METHOD_MATCH = YES;
				COPY_PHASE_STRIP = NO;
				DEBUG_INFORMATION_FORMAT = "dwarf-with-dsym";
				ENABLE_NS_ASSERTIONS = NO;
				ENABLE_STRICT_OBJC_MSGSEND = YES;
				GCC_C_LANGUAGE_STANDARD = gnu11;
				GCC_NO_COMMON_BLOCKS = YES;
				GCC_WARN_64_TO_32_BIT_CONVERSION = YES;
				GCC_WARN_ABOUT_RETURN_TYPE = YES_ERROR;
				GCC_WARN_UNDECLARED_SELECTOR = YES;
				GCC_WARN_UNINITIALIZED_AUTOS = YES_AGGRESSIVE;
				GCC_WARN_UNUSED_FUNCTION = YES;
				GCC_WARN_UNUSED_VARIABLE = YES;
				IPHONEOS_DEPLOYMENT_TARGET = 15.0;
				MTL_ENABLE_DEBUG_INFO = NO;
				MTL_FAST_MATH = YES;
				SDKROOT = iphoneos;
				SWIFT_COMPILATION_MODE = wholemodule;
				SWIFT_OPTIMIZATION_LEVEL = "-O";
				VALIDATE_PRODUCT = YES;
			};
			name = Release;
		};
		FA118D8F279566A800B6630A /* Debug */ = {
			isa = XCBuildConfiguration;
			baseConfigurationReference = A01F78DBF2B9A9521288AE65 /* Pods-PintrestFlowLayout.debug.xcconfig */;
			buildSettings = {
				ASSETCATALOG_COMPILER_APPICON_NAME = AppIcon;
				ASSETCATALOG_COMPILER_GLOBAL_ACCENT_COLOR_NAME = AccentColor;
				CODE_SIGN_STYLE = Automatic;
				CURRENT_PROJECT_VERSION = 1;
				GENERATE_INFOPLIST_FILE = YES;
				INFOPLIST_FILE = PintrestFlowLayout/Info.plist;
				INFOPLIST_KEY_UIApplicationSupportsIndirectInputEvents = YES;
				INFOPLIST_KEY_UILaunchStoryboardName = LaunchScreen;
				INFOPLIST_KEY_UIMainStoryboardFile = Main;
				INFOPLIST_KEY_UISupportedInterfaceOrientations_iPad = "UIInterfaceOrientationPortrait UIInterfaceOrientationPortraitUpsideDown UIInterfaceOrientationLandscapeLeft UIInterfaceOrientationLandscapeRight";
				INFOPLIST_KEY_UISupportedInterfaceOrientations_iPhone = "UIInterfaceOrientationPortrait UIInterfaceOrientationLandscapeLeft UIInterfaceOrientationLandscapeRight";
				LD_RUNPATH_SEARCH_PATHS = (
					"$(inherited)",
					"@executable_path/Frameworks",
				);
				MARKETING_VERSION = 1.0;
				PRODUCT_BUNDLE_IDENTIFIER = com.test.collectiondesign.PintrestFlowLayout;
				PRODUCT_NAME = "$(TARGET_NAME)";
				SWIFT_EMIT_LOC_STRINGS = YES;
				SWIFT_VERSION = 5.0;
				TARGETED_DEVICE_FAMILY = "1,2";
			};
			name = Debug;
		};
		FA118D90279566A800B6630A /* Release */ = {
			isa = XCBuildConfiguration;
			baseConfigurationReference = 76A828F0CDD2CCAEB73D7A67 /* Pods-PintrestFlowLayout.release.xcconfig */;
			buildSettings = {
				ASSETCATALOG_COMPILER_APPICON_NAME = AppIcon;
				ASSETCATALOG_COMPILER_GLOBAL_ACCENT_COLOR_NAME = AccentColor;
				CODE_SIGN_STYLE = Automatic;
				CURRENT_PROJECT_VERSION = 1;
				GENERATE_INFOPLIST_FILE = YES;
				INFOPLIST_FILE = PintrestFlowLayout/Info.plist;
				INFOPLIST_KEY_UIApplicationSupportsIndirectInputEvents = YES;
				INFOPLIST_KEY_UILaunchStoryboardName = LaunchScreen;
				INFOPLIST_KEY_UIMainStoryboardFile = Main;
				INFOPLIST_KEY_UISupportedInterfaceOrientations_iPad = "UIInterfaceOrientationPortrait UIInterfaceOrientationPortraitUpsideDown UIInterfaceOrientationLandscapeLeft UIInterfaceOrientationLandscapeRight";
				INFOPLIST_KEY_UISupportedInterfaceOrientations_iPhone = "UIInterfaceOrientationPortrait UIInterfaceOrientationLandscapeLeft UIInterfaceOrientationLandscapeRight";
				LD_RUNPATH_SEARCH_PATHS = (
					"$(inherited)",
					"@executable_path/Frameworks",
				);
				MARKETING_VERSION = 1.0;
				PRODUCT_BUNDLE_IDENTIFIER = com.test.collectiondesign.PintrestFlowLayout;
				PRODUCT_NAME = "$(TARGET_NAME)";
				SWIFT_EMIT_LOC_STRINGS = YES;
				SWIFT_VERSION = 5.0;
				TARGETED_DEVICE_FAMILY = "1,2";
			};
			name = Release;
		};
/* End XCBuildConfiguration section */

/* Begin XCConfigurationList section */
		FA118D75279566A600B6630A /* Build configuration list for PBXProject "PintrestFlowLayout" */ = {
			isa = XCConfigurationList;
			buildConfigurations = (
				FA118D8C279566A800B6630A /* Debug */,
				FA118D8D279566A800B6630A /* Release */,
			);
			defaultConfigurationIsVisible = 0;
			defaultConfigurationName = Release;
		};
		FA118D8E279566A800B6630A /* Build configuration list for PBXNativeTarget "PintrestFlowLayout" */ = {
			isa = XCConfigurationList;
			buildConfigurations = (
				FA118D8F279566A800B6630A /* Debug */,
				FA118D90279566A800B6630A /* Release */,
			);
			defaultConfigurationIsVisible = 0;
			defaultConfigurationName = Release;
		};
/* End XCConfigurationList section */
	};
	rootObject = FA118D72279566A600B6630A /* Project object */;
}
